
Microsoft Visual Studio Solution File, Format Version 12.00
# Visual Studio 15
VisualStudioVersion = 15.0.28307.757
MinimumVisualStudioVersion = 10.0.40219.1
Project("{FAE04EC0-301F-11D3-BF4B-00C04F79EFBC}") = "CapaDatos", "CapaDatos\CapaDatos.csproj", "{9A67D579-E54A-4B87-A9A5-AF9567F58A47}"
EndProject
Project("{FAE04EC0-301F-11D3-BF4B-00C04F79EFBC}") = "CapaEntidad", "CapaEntidad\CapaEntidad.csproj", "{5763CAA1-DB2A-435D-878D-513D9470F756}"
EndProject
Project("{FAE04EC0-301F-11D3-BF4B-00C04F79EFBC}") = "CapaNegocios", "CapaNegocios\CapaNegocios.csproj", "{AC36E045-37F1-4E16-BA82-C626505CB20D}"
EndProject
Project("{FAE04EC0-301F-11D3-BF4B-00C04F79EFBC}") = "CapaPresentacion", "CapaPresentacion\CapaPresentacion.csproj", "{C7FA376C-05C5-402C-8445-881E752BAC14}"
EndProject
Global
	GlobalSection(SolutionConfigurationPlatforms) = preSolution
		Debug|Any CPU = Debug|Any CPU
		Release|Any CPU = Release|Any CPU
	EndGlobalSection
	GlobalSection(ProjectConfigurationPlatforms) = postSolution
		{9A67D579-E54A-4B87-A9A5-AF9567F58A47}.Debug|Any CPU.ActiveCfg = Debug|Any CPU
		{9A67D579-E54A-4B87-A9A5-AF9567F58A47}.Debug|Any CPU.Build.0 = Debug|Any CPU
		{9A67D579-E54A-4B87-A9A5-AF9567F58A47}.Release|Any CPU.ActiveCfg = Release|Any CPU
		{9A67D579-E54A-4B87-A9A5-AF9567F58A47}.Release|Any CPU.Build.0 = Release|Any CPU
		{5763CAA1-DB2A-435D-878D-513D9470F756}.Debug|Any CPU.ActiveCfg = Debug|Any CPU
		{5763CAA1-DB2A-435D-878D-513D9470F756}.Debug|Any CPU.Build.0 = Debug|Any CPU
		{5763CAA1-DB2A-435D-878D-513D9470F756}.Release|Any CPU.ActiveCfg = Release|Any CPU
		{5763CAA1-DB2A-435D-878D-513D9470F756}.Release|Any CPU.Build.0 = Release|Any CPU
		{AC36E045-37F1-4E16-BA82-C626505CB20D}.Debug|Any CPU.ActiveCfg = Debug|Any CPU
		{AC36E045-37F1-4E16-BA82-C626505CB20D}.Debug|Any CPU.Build.0 = Debug|Any CPU
		{AC36E045-37F1-4E16-BA82-C626505CB20D}.Release|Any CPU.ActiveCfg = Release|Any CPU
		{AC36E045-37F1-4E16-BA82-C626505CB20D}.Release|Any CPU.Build.0 = Release|Any CPU
		{C7FA376C-05C5-402C-8445-881E752BAC14}.Debug|Any CPU.ActiveCfg = Debug|Any CPU
		{C7FA376C-05C5-402C-8445-881E752BAC14}.Debug|Any CPU.Build.0 = Debug|Any CPU
		{C7FA376C-05C5-402C-8445-881E752BAC14}.Release|Any CPU.ActiveCfg = Release|Any CPU
		{C7FA376C-05C5-402C-8445-881E752BAC14}.Release|Any CPU.Build.0 = Release|Any CPU
	EndGlobalSection
	GlobalSection(SolutionProperties) = preSolution
		HideSolutionNode = FALSE
	EndGlobalSection
	GlobalSection(ExtensibilityGlobals) = postSolution
		SolutionGuid = {B82AA2F5-E2AF-47E7-8D95-D604BB2B55AA}
	EndGlobalSection
EndGlobal
